
Microsoft Visual Studio Solution File, Format Version 12.00
# Visual Studio Version 16
VisualStudioVersion = 16.0.31702.278
MinimumVisualStudioVersion = 10.0.40219.1
Project("{FAE04EC0-301F-11D3-BF4B-00C04F79EFBC}") = "FileManager", "FileManager.csproj", "{820D6DAE-C216-442F-A58A-421E37AD2CF3}"
EndProject
Global
	GlobalSection(SolutionConfigurationPlatforms) = preSolution
		Debug|Any CPU = Debug|Any CPU
		Release|Any CPU = Release|Any CPU
	EndGlobalSection
	GlobalSection(ProjectConfigurationPlatforms) = postSolution
		{820D6DAE-C216-442F-A58A-421E37AD2CF3}.Debug|Any CPU.ActiveCfg = Debug|Any CPU
		{820D6DAE-C216-442F-A58A-421E37AD2CF3}.Debug|Any CPU.Build.0 = Debug|Any CPU
		{820D6DAE-C216-442F-A58A-421E37AD2CF3}.Release|Any CPU.ActiveCfg = Release|Any CPU
		{820D6DAE-C216-442F-A58A-421E37AD2CF3}.Release|Any CPU.Build.0 = Release|Any CPU
	EndGlobalSection
	GlobalSection(SolutionProperties) = preSolution
		HideSolutionNode = FALSE
	EndGlobalSection
	GlobalSection(ExtensibilityGlobals) = postSolution
		SolutionGuid = {7C3C8FD0-9489-4ED2-B74A-F48DCF0FFE71}
	EndGlobalSection
EndGlobal
